{
  "name": "epubtopdf",
  "version": "1.0.0",
  "lockfileVersion": 3,
  "requires": true,
  "packages": {
    "": {
      "name": "epubtopdf",
      "version": "1.0.0",
      "license": "ISC",
      "dependencies": {
        "ebook-convert": "^1.0.0"
      },
      "bin": {
        "epubtopdf": "bin/epubToPdf.js"
      },
      "devDependencies": {}
    },
    "node_modules/ebook-convert": {
      "version": "1.0.0",
      "resolved": "https://registry.npmjs.org/ebook-convert/-/ebook-convert-1.0.0.tgz",
      "integrity": "sha512-yq46ioDhuOKsz8PtQ1vF5Ab2SOVD1ih3ty24mlSY1HxHFs3MXKAclDT5lWDmXWpbfeUVWzzQ11CrUWpfADhb+Q=="
    }
  }
}
